<?xml version="1.0" encoding="utf-8"?>
<Project ToolsVersion="4.0" xmlns="http://schemas.microsoft.com/developer/msbuild/2003">
  <ItemGroup>
    <ClCompile Include="Main.cpp" />
    <ClCompile Include="Networking\Message\MessageTests.cpp">
      <Filter>Networking\Message</Filter>
    </ClCompile>
    <ClCompile Include="Networking\TCP\TCPTests.cpp">
      <Filter>Networking\TCP</Filter>
    </ClCompile>
  </ItemGroup>
  <ItemGroup>
    <ClInclude Include="pch.h" />
    <ClInclude Include="Networking\Message\MessageTests.h">
      <Filter>Networking\Message</Filter>
    </ClInclude>
    <ClInclude Include="Networking\TCP\TCPTests.h">
      <Filter>Networking\TCP</Filter>
    </ClInclude>
  </ItemGroup>
  <ItemGroup>
    <Filter Include="Networking">
      <UniqueIdentifier>{ec752664-8e2d-489b-92f2-eb9e8853f819}</UniqueIdentifier>
    </Filter>
    <Filter Include="Networking\Message">
      <UniqueIdentifier>{3148d8e6-4440-465a-95bf-a0d10bce5740}</UniqueIdentifier>
    </Filter>
    <Filter Include="Networking\TCP">
      <UniqueIdentifier>{b60bf2ab-054b-4fb0-8db1-f0a10a51b522}</UniqueIdentifier>
    </Filter>
  </ItemGroup>
</Project>