<?xml version="1.0" encoding="utf-8"?>
<Project ToolsVersion="4.0" xmlns="http://schemas.microsoft.com/developer/msbuild/2003">
  <ItemGroup>
    <ClCompile Include="Main.cpp" />
    <ClCompile Include="Shared\Networking\Message\Header.cpp">
      <Filter>Shared\Message</Filter>
    </ClCompile>
    <ClCompile Include="Shared\Networking\Message\Packet.cpp">
      <Filter>Shared\Message</Filter>
    </ClCompile>
    <ClCompile Include="Shared\Utility\GUID.cpp">
      <Filter>Shared\Utility</Filter>
    </ClCompile>
    <ClCompile Include="Shared\Networking\Message\Message.cpp">
      <Filter>Shared\Message</Filter>
    </ClCompile>
    <ClCompile Include="Shared\Networking\Message\MessageManager.cpp">
      <Filter>Shared\Message</Filter>
    </ClCompile>
    <ClCompile Include="Shared\Networking\Message\MessageConverter.cpp">
      <Filter>Shared\Message</Filter>
    </ClCompile>
  </ItemGroup>
  <ItemGroup>
    <Filter Include="Shared">
      <UniqueIdentifier>{f7b890b4-ec98-4eee-bc0e-cc3879a8aebe}</UniqueIdentifier>
    </Filter>
    <Filter Include="Shared\Client">
      <UniqueIdentifier>{11abe5d3-b948-4816-9c14-069a805151ba}</UniqueIdentifier>
    </Filter>
    <Filter Include="Shared\Message">
      <UniqueIdentifier>{9157e4e4-2e48-43d0-a197-fca8c477307f}</UniqueIdentifier>
    </Filter>
    <Filter Include="Shared\Utility">
      <UniqueIdentifier>{488e030b-55c9-4b39-84c8-deb896eebc63}</UniqueIdentifier>
    </Filter>
  </ItemGroup>
  <ItemGroup>
    <ClInclude Include="Shared\Networking\Client\TCPClient.h">
      <Filter>Shared\Client</Filter>
    </ClInclude>
    <ClInclude Include="pch.h" />
    <ClInclude Include="Shared\Networking\Message\Header.h">
      <Filter>Shared\Message</Filter>
    </ClInclude>
    <ClInclude Include="Shared\Networking\Message\Packet.h">
      <Filter>Shared\Message</Filter>
    </ClInclude>
    <ClInclude Include="Shared\Utility\GUID.h">
      <Filter>Shared\Utility</Filter>
    </ClInclude>
    <ClInclude Include="Shared\Networking\Message\MessageManager.h">
      <Filter>Shared\Message</Filter>
    </ClInclude>
    <ClInclude Include="Shared\Networking\Message\Message.h">
      <Filter>Shared\Message</Filter>
    </ClInclude>
    <ClInclude Include="Shared\Networking\Message\MessageConverter.h">
      <Filter>Shared\Message</Filter>
    </ClInclude>
  </ItemGroup>
  <ItemGroup>
    <None Include="packages.config" />
  </ItemGroup>
</Project>