<?xml version="1.0" encoding="utf-8"?>
<Project ToolsVersion="4.0" xmlns="http://schemas.microsoft.com/developer/msbuild/2003">
  <ItemGroup>
    <ClCompile Include="Networking\Message\Header.cpp">
      <Filter>Networking\Message</Filter>
    </ClCompile>
    <ClCompile Include="Networking\Message\Packet.cpp">
      <Filter>Networking\Message</Filter>
    </ClCompile>
    <ClCompile Include="Utility\GUID.cpp">
      <Filter>Utility</Filter>
    </ClCompile>
    <ClCompile Include="Networking\Message\Message.cpp">
      <Filter>Networking\Message</Filter>
    </ClCompile>
    <ClCompile Include="Networking\Message\MessageManager.cpp">
      <Filter>Networking\Message</Filter>
    </ClCompile>
    <ClCompile Include="Networking\Message\MessageConverter.cpp">
      <Filter>Networking\Message</Filter>
    </ClCompile>
    <ClCompile Include="Utility\Logger.cpp">
      <Filter>Utility</Filter>
    </ClCompile>
    <ClCompile Include="Utility\String.cpp">
      <Filter>Utility</Filter>
    </ClCompile>
    <ClCompile Include="Networking\Client\TCPClientRaw.cpp">
      <Filter>Networking\Client</Filter>
    </ClCompile>
    <ClCompile Include="Networking\IOContext.cpp">
      <Filter>Networking</Filter>
    </ClCompile>
    <ClCompile Include="Networking\Client\TCPClient.cpp">
      <Filter>Networking\Client</Filter>
    </ClCompile>
    <ClCompile Include="Networking\Server\TCPServerRaw.cpp">
      <Filter>Networking\Server</Filter>
    </ClCompile>
    <ClCompile Include="Networking\Server\TCPServer.cpp">
      <Filter>Networking\Server</Filter>
    </ClCompile>
    <ClCompile Include="Utility\Random.cpp" />
  </ItemGroup>
  <ItemGroup>
    <Filter Include="Networking">
      <UniqueIdentifier>{25b91eab-63ff-4963-8971-431680bb3e5e}</UniqueIdentifier>
    </Filter>
    <Filter Include="Networking\Message">
      <UniqueIdentifier>{9157e4e4-2e48-43d0-a197-fca8c477307f}</UniqueIdentifier>
    </Filter>
    <Filter Include="Networking\Client">
      <UniqueIdentifier>{eb622261-4eb1-4595-afb5-b4297ad1f224}</UniqueIdentifier>
    </Filter>
    <Filter Include="Networking\Server">
      <UniqueIdentifier>{c4db3fa1-7c08-4b63-b1f5-c41363235732}</UniqueIdentifier>
    </Filter>
    <Filter Include="Utility">
      <UniqueIdentifier>{488e030b-55c9-4b39-84c8-deb896eebc63}</UniqueIdentifier>
    </Filter>
  </ItemGroup>
  <ItemGroup>
    <ClInclude Include="pch.h" />
    <ClInclude Include="Networking\Message\Header.h">
      <Filter>Networking\Message</Filter>
    </ClInclude>
    <ClInclude Include="Networking\Message\Packet.h">
      <Filter>Networking\Message</Filter>
    </ClInclude>
    <ClInclude Include="Utility\GUID.h">
      <Filter>Utility</Filter>
    </ClInclude>
    <ClInclude Include="Networking\Message\MessageManager.h">
      <Filter>Networking\Message</Filter>
    </ClInclude>
    <ClInclude Include="Networking\Message\Message.h">
      <Filter>Networking\Message</Filter>
    </ClInclude>
    <ClInclude Include="Networking\Message\MessageConverter.h">
      <Filter>Networking\Message</Filter>
    </ClInclude>
    <ClInclude Include="Utility\Logger.h">
      <Filter>Utility</Filter>
    </ClInclude>
    <ClInclude Include="Utility\String.h">
      <Filter>Utility</Filter>
    </ClInclude>
    <ClInclude Include="Networking\Client\TCPClientRaw.h">
      <Filter>Networking\Client</Filter>
    </ClInclude>
    <ClInclude Include="Networking\IOContext.h">
      <Filter>Networking</Filter>
    </ClInclude>
    <ClInclude Include="Networking\Client\TCPClient.h">
      <Filter>Networking\Client</Filter>
    </ClInclude>
    <ClInclude Include="Networking\Server\TCPServerRaw.h">
      <Filter>Networking\Server</Filter>
    </ClInclude>
    <ClInclude Include="Networking\Server\TCPServer.h">
      <Filter>Networking\Server</Filter>
    </ClInclude>
    <ClInclude Include="Utility\Random.h" />
    <ClInclude Include="uuid.hpp" />
  </ItemGroup>
  <ItemGroup>
    <None Include="packages.config" />
  </ItemGroup>
</Project>