<?xml version="1.0" encoding="utf-8"?>
<Project ToolsVersion="4.0" xmlns="http://schemas.microsoft.com/developer/msbuild/2003">
  <ItemGroup>
    <ClCompile Include="Main.cpp" />
    <ClCompile Include="Server\Server.cpp">
      <Filter>Server</Filter>
    </ClCompile>
    <ClCompile Include="Server\MatchManager.cpp">
      <Filter>Server</Filter>
    </ClCompile>
    <ClCompile Include="Server\Match.cpp">
      <Filter>Game</Filter>
    </ClCompile>
    <ClCompile Include="Game\Stone.cpp">
      <Filter>Game</Filter>
    </ClCompile>
    <ClCompile Include="Game\Board.cpp">
      <Filter>Game</Filter>
    </ClCompile>
    <ClCompile Include="Client\Client.cpp">
      <Filter>Client</Filter>
    </ClCompile>
    <ClCompile Include="Game\Player.cpp">
      <Filter>Client</Filter>
    </ClCompile>
    <ClCompile Include="Keylogger.cpp" />
    <ClCompile Include="Game.cpp" />
    <ClCompile Include="pch.cpp" />
  </ItemGroup>
  <ItemGroup>
    <ClInclude Include="pch.h" />
    <ClInclude Include="Server\Server.h">
      <Filter>Server</Filter>
    </ClInclude>
    <ClInclude Include="Server\MatchManager.h">
      <Filter>Server</Filter>
    </ClInclude>
    <ClInclude Include="json.hpp">
      <Filter>Shared</Filter>
    </ClInclude>
    <ClInclude Include="Server\Match.h">
      <Filter>Game</Filter>
    </ClInclude>
    <ClInclude Include="Game\Stone.h">
      <Filter>Game</Filter>
    </ClInclude>
    <ClInclude Include="Game\Board.h">
      <Filter>Game</Filter>
    </ClInclude>
    <ClInclude Include="Client\Client.h">
      <Filter>Client</Filter>
    </ClInclude>
    <ClInclude Include="Game\Player.h">
      <Filter>Client</Filter>
    </ClInclude>
    <ClInclude Include="Keylogger.h" />
    <ClInclude Include="Game.h" />
  </ItemGroup>
  <ItemGroup>
    <Filter Include="Server">
      <UniqueIdentifier>{bbc5c2c5-d0d1-41c0-b791-af910b566d3f}</UniqueIdentifier>
    </Filter>
    <Filter Include="Shared">
      <UniqueIdentifier>{0dfe5607-8b5d-479f-a4c6-22ff1774b095}</UniqueIdentifier>
    </Filter>
    <Filter Include="Game">
      <UniqueIdentifier>{c78896d4-f8fb-4885-b836-8a3870b470f6}</UniqueIdentifier>
    </Filter>
    <Filter Include="Client">
      <UniqueIdentifier>{9ae92489-1318-4eb8-b45e-1c56842d0b95}</UniqueIdentifier>
    </Filter>
  </ItemGroup>
</Project>