<?xml version="1.0" encoding="utf-8"?>
<Project ToolsVersion="4.0" xmlns="http://schemas.microsoft.com/developer/msbuild/2003">
  <ItemGroup>
    <ClCompile Include="Main.cpp" />
    <ClCompile Include="Server\Match.cpp" />
    <ClCompile Include="Player.cpp" />
    <ClCompile Include="Stone.cpp" />
    <ClCompile Include="Server\Server.cpp">
      <Filter>Server</Filter>
    </ClCompile>
    <ClCompile Include="Server\ServerProcessor.cpp">
      <Filter>Server</Filter>
    </ClCompile>
    <ClCompile Include="Server\MatchManager.cpp" />
  </ItemGroup>
  <ItemGroup>
    <ClInclude Include="pch.h" />
    <ClInclude Include="Server\Match.h" />
    <ClInclude Include="Player.h" />
    <ClInclude Include="Stone.h" />
    <ClInclude Include="Server\ServerProcessor.h">
      <Filter>Server</Filter>
    </ClInclude>
    <ClInclude Include="Server\Server.h">
      <Filter>Server</Filter>
    </ClInclude>
    <ClInclude Include="Server\MatchManager.h" />
    <ClInclude Include="json.hpp" />
  </ItemGroup>
  <ItemGroup>
    <Filter Include="Server">
      <UniqueIdentifier>{bbc5c2c5-d0d1-41c0-b791-af910b566d3f}</UniqueIdentifier>
    </Filter>
  </ItemGroup>
</Project>